// !$*UTF8*$!
{
	archiveVersion = 1;
	classes = {
	};
	objectVersion = 77;
	objects = {

/* Begin PBXContainerItemProxy section */
		28A801A1300D975C000E12A7 /* PBXContainerItemProxy */ = {
			isa = PBXContainerItemProxy;
			containerPortal = 28A80189300D975B000E12A7 /* Project object */;
			proxyType = 1;
			remoteGlobalIDString = 28A80190300D975B000E12A7;
			remoteInfo = "Disk Visualizer";
		};
		28A801AB300D975C000E12A7 /* PBXContainerItemProxy */ = {
			isa = PBXContainerItemProxy;
			containerPortal = 28A80189300D975B000E12A7 /* Project object */;
			proxyType = 1;
			remoteGlobalIDString = 28A80190300D975B000E12A7;
			remoteInfo = "Disk Visualizer";
		};
/* End PBXContainerItemProxy section */

/* Begin PBXFileReference section */
		28A80191300D975B000E12A7 /* Disk Visualizer.app */ = {isa = PBXFileReference; explicitFileType = wrapper.application; includeInIndex = 0; path = "Disk Visualizer.app"; sourceTree = BUILT_PRODUCTS_DIR; };
		28A801A0300D975C000E12A7 /* Disk VisualizerTests.xctest */ = {isa = PBXFileReference; explicitFileType = wrapper.cfbundle; includeInIndex = 0; path = "Disk VisualizerTests.xctest"; sourceTree = BUILT_PRODUCTS_DIR; };
		28A801AA300D975C000E12A7 /* Disk VisualizerUITests.xctest */ = {isa = PBXFileReference; explicitFileType = wrapper.cfbundle; includeInIndex = 0; path = "Disk VisualizerUITests.xctest"; sourceTree = BUILT_PRODUCTS_DIR; };
		28A801C6300D9817000E12A7 /* DiskBloom.dc.html */ = {isa = PBXFileReference; lastKnownFileType = text.html; path = DiskBloom.dc.html; sourceTree = "<group>"; };
		28A801C7300D9817000E12A7 /* support.js */ = {isa = PBXFileReference; lastKnownFileType = sourcecode.javascript; path = support.js; sourceTree = "<group>"; };
		28A801C9300D9817000E12A7 /* README.md */ = {isa = PBXFileReference; lastKnownFileType = net.daringfireball.markdown; path = README.md; sourceTree = "<group>"; };
/* End PBXFileReference section */

/* Begin PBXFileSystemSynchronizedRootGroup section */
		28A80193300D975B000E12A7 /* Disk Visualizer */ = {
			isa = PBXFileSystemSynchronizedRootGroup;
			path = "Disk Visualizer";
			sourceTree = "<group>";
		};
		28A801A3300D975C000E12A7 /* Disk VisualizerTests */ = {
			isa = PBXFileSystemSynchronizedRootGroup;
			path = "Disk VisualizerTests";
			sourceTree = "<group>";
		};
		28A801AD300D975C000E12A7 /* Disk VisualizerUITests */ = {
			isa = PBXFileSystemSynchronizedRootGroup;
			path = "Disk VisualizerUITests";
			sourceTree = "<group>";
		};
/* End PBXFileSystemSynchronizedRootGroup section */

/* Begin PBXFrameworksBuildPhase section */
		28A8018E300D975B000E12A7 /* Frameworks */ = {
			isa = PBXFrameworksBuildPhase;
			buildActionMask = 2147483647;
			files = (
			);
			runOnlyForDeploymentPostprocessing = 0;
		};
		28A8019D300D975C000E12A7 /* Frameworks */ = {
			isa = PBXFrameworksBuildPhase;
			buildActionMask = 2147483647;
			files = (
			);
			runOnlyForDeploymentPostprocessing = 0;
		};
		28A801A7300D975C000E12A7 /* Frameworks */ = {
			isa = PBXFrameworksBuildPhase;
			buildActionMask = 2147483647;
			files = (
			);
			runOnlyForDeploymentPostprocessing = 0;
		};
/* End PBXFrameworksBuildPhase section */

/* Begin PBXGroup section */
		28A80188300D975B000E12A7 = {
			isa = PBXGroup;
			children = (
				28A801CB300D9817000E12A7 /* docs */,
				28A80193300D975B000E12A7 /* Disk Visualizer */,
				28A801A3300D975C000E12A7 /* Disk VisualizerTests */,
				28A801AD300D975C000E12A7 /* Disk VisualizerUITests */,
				28A80192300D975B000E12A7 /* Products */,
			);
			sourceTree = "<group>";
		};
		28A80192300D975B000E12A7 /* Products */ = {
			isa = PBXGroup;
			children = (
				28A80191300D975B000E12A7 /* Disk Visualizer.app */,
				28A801A0300D975C000E12A7 /* Disk VisualizerTests.xctest */,
				28A801AA300D975C000E12A7 /* Disk VisualizerUITests.xctest */,
			);
			name = Products;
			sourceTree = "<group>";
		};
		28A801CA300D9817000E12A7 /* design */ = {
			isa = PBXGroup;
			children = (
				28A801C9300D9817000E12A7 /* README.md */,
				28A801C6300D9817000E12A7 /* DiskBloom.dc.html */,
				28A801C7300D9817000E12A7 /* support.js */,
			);
			path = design;
			sourceTree = "<group>";
		};
		28A801CB300D9817000E12A7 /* docs */ = {
			isa = PBXGroup;
			children = (
				28A801CA300D9817000E12A7 /* design */,
			);
			path = docs;
			sourceTree = "<group>";
		};
/* End PBXGroup section */

/* Begin PBXNativeTarget section */
		28A80190300D975B000E12A7 /* Disk Visualizer */ = {
			isa = PBXNativeTarget;
			buildConfigurationList = 28A801B4300D975C000E12A7 /* Build configuration list for PBXNativeTarget "Disk Visualizer" */;
			buildPhases = (
				28A8018D300D975B000E12A7 /* Sources */,
				28A8018E300D975B000E12A7 /* Frameworks */,
				28A8018F300D975B000E12A7 /* Resources */,
			);
			buildRules = (
			);
			dependencies = (
			);
			fileSystemSynchronizedGroups = (
				28A80193300D975B000E12A7 /* Disk Visualizer */,
			);
			name = "Disk Visualizer";
			packageProductDependencies = (
			);
			productName = "Disk Visualizer";
			productReference = 28A80191300D975B000E12A7 /* Disk Visualizer.app */;
			productType = "com.apple.product-type.application";
		};
		28A8019F300D975C000E12A7 /* Disk VisualizerTests */ = {
			isa = PBXNativeTarget;
			buildConfigurationList = 28A801B7300D975C000E12A7 /* Build configuration list for PBXNativeTarget "Disk VisualizerTests" */;
			buildPhases = (
				28A8019C300D975C000E12A7 /* Sources */,
				28A8019D300D975C000E12A7 /* Frameworks */,
				28A8019E300D975C000E12A7 /* Resources */,
			);
			buildRules = (
			);
			dependencies = (
				28A801A2300D975C000E12A7 /* PBXTargetDependency */,
			);
			fileSystemSynchronizedGroups = (
				28A801A3300D975C000E12A7 /* Disk VisualizerTests */,
			);
			name = "Disk VisualizerTests";
			packageProductDependencies = (
			);
			productName = "Disk VisualizerTests";
			productReference = 28A801A0300D975C000E12A7 /* Disk VisualizerTests.xctest */;
			productType = "com.apple.product-type.bundle.unit-test";
		};
		28A801A9300D975C000E12A7 /* Disk VisualizerUITests */ = {
			isa = PBXNativeTarget;
			buildConfigurationList = 28A801BA300D975C000E12A7 /* Build configuration list for PBXNativeTarget "Disk VisualizerUITests" */;
			buildPhases = (
				28A801A6300D975C000E12A7 /* Sources */,
				28A801A7300D975C000E12A7 /* Frameworks */,
				28A801A8300D975C000E12A7 /* Resources */,
			);
			buildRules = (
			);
			dependencies = (
				28A801AC300D975C000E12A7 /* PBXTargetDependency */,
			);
			fileSystemSynchronizedGroups = (
				28A801AD300D975C000E12A7 /* Disk VisualizerUITests */,
			);
			name = "Disk VisualizerUITests";
			packageProductDependencies = (
			);
			productName = "Disk VisualizerUITests";
			productReference = 28A801AA300D975C000E12A7 /* Disk VisualizerUITests.xctest */;
			productType = "com.apple.product-type.bundle.ui-testing";
		};
/* End PBXNativeTarget section */

/* Begin PBXProject section */
		28A80189300D975B000E12A7 /* Project object */ = {
			isa = PBXProject;
			attributes = {
				BuildIndependentTargetsInParallel = 1;
				LastSwiftUpdateCheck = 2660;
				LastUpgradeCheck = 2660;
				TargetAttributes = {
					28A80190300D975B000E12A7 = {
						CreatedOnToolsVersion = 26.6;
					};
					28A8019F300D975C000E12A7 = {
						CreatedOnToolsVersion = 26.6;
						TestTargetID = 28A80190300D975B000E12A7;
					};
					28A801A9300D975C000E12A7 = {
						CreatedOnToolsVersion = 26.6;
						TestTargetID = 28A80190300D975B000E12A7;
					};
				};
			};
			buildConfigurationList = 28A8018C300D975B000E12A7 /* Build configuration list for PBXProject "Disk Visualizer" */;
			developmentRegion = en;
			hasScannedForEncodings = 0;
			knownRegions = (
				en,
				Base,
			);
			mainGroup = 28A80188300D975B000E12A7;
			minimizedProjectReferenceProxies = 1;
			preferredProjectObjectVersion = 77;
			productRefGroup = 28A80192300D975B000E12A7 /* Products */;
			projectDirPath = "";
			projectRoot = "";
			targets = (
				28A80190300D975B000E12A7 /* Disk Visualizer */,
				28A8019F300D975C000E12A7 /* Disk VisualizerTests */,
				28A801A9300D975C000E12A7 /* Disk VisualizerUITests */,
			);
		};
/* End PBXProject section */

/* Begin PBXResourcesBuildPhase section */
		28A8018F300D975B000E12A7 /* Resources */ = {
			isa = PBXResourcesBuildPhase;
			buildActionMask = 2147483647;
			files = (
			);
			runOnlyForDeploymentPostprocessing = 0;
		};
		28A8019E300D975C000E12A7 /* Resources */ = {
			isa = PBXResourcesBuildPhase;
			buildActionMask = 2147483647;
			files = (
			);
			runOnlyForDeploymentPostprocessing = 0;
		};
		28A801A8300D975C000E12A7 /* Resources */ = {
			isa = PBXResourcesBuildPhase;
			buildActionMask = 2147483647;
			files = (
			);
			runOnlyForDeploymentPostprocessing = 0;
		};
/* End PBXResourcesBuildPhase section */

/* Begin PBXSourcesBuildPhase section */
		28A8018D300D975B000E12A7 /* Sources */ = {
			isa = PBXSourcesBuildPhase;
			buildActionMask = 2147483647;
			files = (
			);
			runOnlyForDeploymentPostprocessing = 0;
		};
		28A8019C300D975C000E12A7 /* Sources */ = {
			isa = PBXSourcesBuildPhase;
			buildActionMask = 2147483647;
			files = (
			);
			runOnlyForDeploymentPostprocessing = 0;
		};
		28A801A6300D975C000E12A7 /* Sources */ = {
			isa = PBXSourcesBuildPhase;
			buildActionMask = 2147483647;
			files = (
			);
			runOnlyForDeploymentPostprocessing = 0;
		};
/* End PBXSourcesBuildPhase section */

/* Begin PBXTargetDependency section */
		28A801A2300D975C000E12A7 /* PBXTargetDependency */ = {
			isa = PBXTargetDependency;
			target = 28A80190300D975B000E12A7 /* Disk Visualizer */;
			targetProxy = 28A801A1300D975C000E12A7 /* PBXContainerItemProxy */;
		};
		28A801AC300D975C000E12A7 /* PBXTargetDependency */ = {
			isa = PBXTargetDependency;
			target = 28A80190300D975B000E12A7 /* Disk Visualizer */;
			targetProxy = 28A801AB300D975C000E12A7 /* PBXContainerItemProxy */;
		};
/* End PBXTargetDependency section */

/* Begin XCBuildConfiguration section */
		28A801B2300D975C000E12A7 /* Debug */ = {
			isa = XCBuildConfiguration;
			buildSettings = {
				ALWAYS_SEARCH_USER_PATHS = NO;
				ASSETCATALOG_COMPILER_GENERATE_SWIFT_ASSET_SYMBOL_EXTENSIONS = YES;
				CLANG_ANALYZER_NONNULL = YES;
				CLANG_ANALYZER_NUMBER_OBJECT_CONVERSION = YES_AGGRESSIVE;
				CLANG_CXX_LANGUAGE_STANDARD = "gnu++20";
				CLANG_ENABLE_MODULES = YES;
				CLANG_ENABLE_OBJC_ARC = YES;
				CLANG_ENABLE_OBJC_WEAK = YES;
				CLANG_WARN_BLOCK_CAPTURE_AUTORELEASING = YES;
				CLANG_WARN_BOOL_CONVERSION = YES;
				CLANG_WARN_COMMA = YES;
				CLANG_WARN_CONSTANT_CONVERSION = YES;
				CLANG_WARN_DEPRECATED_OBJC_IMPLEMENTATIONS = YES;
				CLANG_WARN_DIRECT_OBJC_ISA_USAGE = YES_ERROR;
				CLANG_WARN_DOCUMENTATION_COMMENTS = YES;
				CLANG_WARN_EMPTY_BODY = YES;
				CLANG_WARN_ENUM_CONVERSION = YES;
				CLANG_WARN_INFINITE_RECURSION = YES;
				CLANG_WARN_INT_CONVERSION = YES;
				CLANG_WARN_NON_LITERAL_NULL_CONVERSION = YES;
				CLANG_WARN_OBJC_IMPLICIT_RETAIN_SELF = YES;
				CLANG_WARN_OBJC_LITERAL_CONVERSION = YES;
				CLANG_WARN_OBJC_ROOT_CLASS = YES_ERROR;
				CLANG_WARN_QUOTED_INCLUDE_IN_FRAMEWORK_HEADER = YES;
				CLANG_WARN_RANGE_LOOP_ANALYSIS = YES;
				CLANG_WARN_STRICT_PROTOTYPES = YES;
				CLANG_WARN_SUSPICIOUS_MOVE = YES;
				CLANG_WARN_UNGUARDED_AVAILABILITY = YES_AGGRESSIVE;
				CLANG_WARN_UNREACHABLE_CODE = YES;
				CLANG_WARN__DUPLICATE_METHOD_MATCH = YES;
				COPY_PHASE_STRIP = NO;
				DEBUG_INFORMATION_FORMAT = dwarf;
				ENABLE_STRICT_OBJC_MSGSEND = YES;
				ENABLE_TESTABILITY = YES;
				ENABLE_USER_SCRIPT_SANDBOXING = YES;
				GCC_C_LANGUAGE_STANDARD = gnu17;
				GCC_DYNAMIC_NO_PIC = NO;
				GCC_NO_COMMON_BLOCKS = YES;
				GCC_OPTIMIZATION_LEVEL = 0;
				GCC_PREPROCESSOR_DEFINITIONS = (
					"DEBUG=1",
					"$(inherited)",
				);
				GCC_WARN_64_TO_32_BIT_CONVERSION = YES;
				GCC_WARN_ABOUT_RETURN_TYPE = YES_ERROR;
				GCC_WARN_UNDECLARED_SELECTOR = YES;
				GCC_WARN_UNINITIALIZED_AUTOS = YES_AGGRESSIVE;
				GCC_WARN_UNUSED_FUNCTION = YES;
				GCC_WARN_UNUSED_VARIABLE = YES;
				LOCALIZATION_PREFERS_STRING_CATALOGS = YES;
				MACOSX_DEPLOYMENT_TARGET = 26.5;
				MTL_ENABLE_DEBUG_INFO = INCLUDE_SOURCE;
				MTL_FAST_MATH = YES;
				ONLY_ACTIVE_ARCH = YES;
				SDKROOT = macosx;
				SWIFT_ACTIVE_COMPILATION_CONDITIONS = "DEBUG $(inherited)";
				SWIFT_OPTIMIZATION_LEVEL = "-Onone";
			};
			name = Debug;
		};
		28A801B3300D975C000E12A7 /* Release */ = {
			isa = XCBuildConfiguration;
			buildSettings = {
				ALWAYS_SEARCH_USER_PATHS = NO;
				ASSETCATALOG_COMPILER_GENERATE_SWIFT_ASSET_SYMBOL_EXTENSIONS = YES;
				CLANG_ANALYZER_NONNULL = YES;
				CLANG_ANALYZER_NUMBER_OBJECT_CONVERSION = YES_AGGRESSIVE;
				CLANG_CXX_LANGUAGE_STANDARD = "gnu++20";
				CLANG_ENABLE_MODULES = YES;
				CLANG_ENABLE_OBJC_ARC = YES;
				CLANG_ENABLE_OBJC_WEAK = YES;
				CLANG_WARN_BLOCK_CAPTURE_AUTORELEASING = YES;
				CLANG_WARN_BOOL_CONVERSION = YES;
				CLANG_WARN_COMMA = YES;
				CLANG_WARN_CONSTANT_CONVERSION = YES;
				CLANG_WARN_DEPRECATED_OBJC_IMPLEMENTATIONS = YES;
				CLANG_WARN_DIRECT_OBJC_ISA_USAGE = YES_ERROR;
				CLANG_WARN_DOCUMENTATION_COMMENTS = YES;
				CLANG_WARN_EMPTY_BODY = YES;
				CLANG_WARN_ENUM_CONVERSION = YES;
				CLANG_WARN_INFINITE_RECURSION = YES;
				CLANG_WARN_INT_CONVERSION = YES;
				CLANG_WARN_NON_LITERAL_NULL_CONVERSION = YES;
				CLANG_WARN_OBJC_IMPLICIT_RETAIN_SELF = YES;
				CLANG_WARN_OBJC_LITERAL_CONVERSION = YES;
				CLANG_WARN_OBJC_ROOT_CLASS = YES_ERROR;
				CLANG_WARN_QUOTED_INCLUDE_IN_FRAMEWORK_HEADER = YES;
				CLANG_WARN_RANGE_LOOP_ANALYSIS = YES;
				CLANG_WARN_STRICT_PROTOTYPES = YES;
				CLANG_WARN_SUSPICIOUS_MOVE = YES;
				CLANG_WARN_UNGUARDED_AVAILABILITY = YES_AGGRESSIVE;
				CLANG_WARN_UNREACHABLE_CODE = YES;
				CLANG_WARN__DUPLICATE_METHOD_MATCH = YES;
				COPY_PHASE_STRIP = NO;
				DEBUG_INFORMATION_FORMAT = "dwarf-with-dsym";
				ENABLE_NS_ASSERTIONS = NO;
				ENABLE_STRICT_OBJC_MSGSEND = YES;
				ENABLE_USER_SCRIPT_SANDBOXING = YES;
				GCC_C_LANGUAGE_STANDARD = gnu17;
				GCC_NO_COMMON_BLOCKS = YES;
				GCC_WARN_64_TO_32_BIT_CONVERSION = YES;
				GCC_WARN_ABOUT_RETURN_TYPE = YES_ERROR;
				GCC_WARN_UNDECLARED_SELECTOR = YES;
				GCC_WARN_UNINITIALIZED_AUTOS = YES_AGGRESSIVE;
				GCC_WARN_UNUSED_FUNCTION = YES;
				GCC_WARN_UNUSED_VARIABLE = YES;
				LOCALIZATION_PREFERS_STRING_CATALOGS = YES;
				MACOSX_DEPLOYMENT_TARGET = 26.5;
				MTL_ENABLE_DEBUG_INFO = NO;
				MTL_FAST_MATH = YES;
				SDKROOT = macosx;
				SWIFT_COMPILATION_MODE = wholemodule;
			};
			name = Release;
		};
		28A801B5300D975C000E12A7 /* Debug */ = {
			isa = XCBuildConfiguration;
			buildSettings = {
				ASSETCATALOG_COMPILER_APPICON_NAME = AppIcon;
				ASSETCATALOG_COMPILER_GLOBAL_ACCENT_COLOR_NAME = AccentColor;
				CODE_SIGN_STYLE = Automatic;
				COMBINE_HIDPI_IMAGES = YES;
				CURRENT_PROJECT_VERSION = 1;
				ENABLE_APP_SANDBOX = NO;
				ENABLE_PREVIEWS = YES;
				GENERATE_INFOPLIST_FILE = YES;
				INFOPLIST_KEY_NSHumanReadableCopyright = "";
				LD_RUNPATH_SEARCH_PATHS = (
					"$(inherited)",
					"@executable_path/../Frameworks",
				);
				MARKETING_VERSION = 1.0;
				PRODUCT_BUNDLE_IDENTIFIER = "eu.monniot.Disk-Visualizer";
				PRODUCT_NAME = "$(TARGET_NAME)";
				REGISTER_APP_GROUPS = YES;
				STRING_CATALOG_GENERATE_SYMBOLS = YES;
				SWIFT_APPROACHABLE_CONCURRENCY = YES;
				SWIFT_DEFAULT_ACTOR_ISOLATION = MainActor;
				SWIFT_EMIT_LOC_STRINGS = YES;
				SWIFT_UPCOMING_FEATURE_MEMBER_IMPORT_VISIBILITY = YES;
				SWIFT_VERSION = 5.0;
			};
			name = Debug;
		};
		28A801B6300D975C000E12A7 /* Release */ = {
			isa = XCBuildConfiguration;
			buildSettings = {
				ASSETCATALOG_COMPILER_APPICON_NAME = AppIcon;
				ASSETCATALOG_COMPILER_GLOBAL_ACCENT_COLOR_NAME = AccentColor;
				CODE_SIGN_STYLE = Automatic;
				COMBINE_HIDPI_IMAGES = YES;
				CURRENT_PROJECT_VERSION = 1;
				ENABLE_APP_SANDBOX = NO;
				ENABLE_PREVIEWS = YES;
				GENERATE_INFOPLIST_FILE = YES;
				INFOPLIST_KEY_NSHumanReadableCopyright = "";
				LD_RUNPATH_SEARCH_PATHS = (
					"$(inherited)",
					"@executable_path/../Frameworks",
				);
				MARKETING_VERSION = 1.0;
				PRODUCT_BUNDLE_IDENTIFIER = "eu.monniot.Disk-Visualizer";
				PRODUCT_NAME = "$(TARGET_NAME)";
				REGISTER_APP_GROUPS = YES;
				STRING_CATALOG_GENERATE_SYMBOLS = YES;
				SWIFT_APPROACHABLE_CONCURRENCY = YES;
				SWIFT_DEFAULT_ACTOR_ISOLATION = MainActor;
				SWIFT_EMIT_LOC_STRINGS = YES;
				SWIFT_UPCOMING_FEATURE_MEMBER_IMPORT_VISIBILITY = YES;
				SWIFT_VERSION = 5.0;
			};
			name = Release;
		};
		28A801B8300D975C000E12A7 /* Debug */ = {
			isa = XCBuildConfiguration;
			buildSettings = {
				BUNDLE_LOADER = "$(TEST_HOST)";
				CODE_SIGN_STYLE = Automatic;
				CURRENT_PROJECT_VERSION = 1;
				GENERATE_INFOPLIST_FILE = YES;
				MACOSX_DEPLOYMENT_TARGET = 26.5;
				MARKETING_VERSION = 1.0;
				PRODUCT_BUNDLE_IDENTIFIER = "eu.monniot.Disk-VisualizerTests";
				PRODUCT_NAME = "$(TARGET_NAME)";
				STRING_CATALOG_GENERATE_SYMBOLS = NO;
				SWIFT_APPROACHABLE_CONCURRENCY = YES;
				SWIFT_EMIT_LOC_STRINGS = NO;
				SWIFT_UPCOMING_FEATURE_MEMBER_IMPORT_VISIBILITY = YES;
				SWIFT_VERSION = 5.0;
				TEST_HOST = "$(BUILT_PRODUCTS_DIR)/Disk Visualizer.app/$(BUNDLE_EXECUTABLE_FOLDER_PATH)/Disk Visualizer";
			};
			name = Debug;
		};
		28A801B9300D975C000E12A7 /* Release */ = {
			isa = XCBuildConfiguration;
			buildSettings = {
				BUNDLE_LOADER = "$(TEST_HOST)";
				CODE_SIGN_STYLE = Automatic;
				CURRENT_PROJECT_VERSION = 1;
				GENERATE_INFOPLIST_FILE = YES;
				MACOSX_DEPLOYMENT_TARGET = 26.5;
				MARKETING_VERSION = 1.0;
				PRODUCT_BUNDLE_IDENTIFIER = "eu.monniot.Disk-VisualizerTests";
				PRODUCT_NAME = "$(TARGET_NAME)";
				STRING_CATALOG_GENERATE_SYMBOLS = NO;
				SWIFT_APPROACHABLE_CONCURRENCY = YES;
				SWIFT_EMIT_LOC_STRINGS = NO;
				SWIFT_UPCOMING_FEATURE_MEMBER_IMPORT_VISIBILITY = YES;
				SWIFT_VERSION = 5.0;
				TEST_HOST = "$(BUILT_PRODUCTS_DIR)/Disk Visualizer.app/$(BUNDLE_EXECUTABLE_FOLDER_PATH)/Disk Visualizer";
			};
			name = Release;
		};
		28A801BB300D975C000E12A7 /* Debug */ = {
			isa = XCBuildConfiguration;
			buildSettings = {
				CODE_SIGN_STYLE = Automatic;
				CURRENT_PROJECT_VERSION = 1;
				GENERATE_INFOPLIST_FILE = YES;
				MARKETING_VERSION = 1.0;
				PRODUCT_BUNDLE_IDENTIFIER = "eu.monniot.Disk-VisualizerUITests";
				PRODUCT_NAME = "$(TARGET_NAME)";
				STRING_CATALOG_GENERATE_SYMBOLS = NO;
				SWIFT_APPROACHABLE_CONCURRENCY = YES;
				SWIFT_EMIT_LOC_STRINGS = NO;
				SWIFT_UPCOMING_FEATURE_MEMBER_IMPORT_VISIBILITY = YES;
				SWIFT_VERSION = 5.0;
				TEST_TARGET_NAME = "Disk Visualizer";
			};
			name = Debug;
		};
		28A801BC300D975C000E12A7 /* Release */ = {
			isa = XCBuildConfiguration;
			buildSettings = {
				CODE_SIGN_STYLE = Automatic;
				CURRENT_PROJECT_VERSION = 1;
				GENERATE_INFOPLIST_FILE = YES;
				MARKETING_VERSION = 1.0;
				PRODUCT_BUNDLE_IDENTIFIER = "eu.monniot.Disk-VisualizerUITests";
				PRODUCT_NAME = "$(TARGET_NAME)";
				STRING_CATALOG_GENERATE_SYMBOLS = NO;
				SWIFT_APPROACHABLE_CONCURRENCY = YES;
				SWIFT_EMIT_LOC_STRINGS = NO;
				SWIFT_UPCOMING_FEATURE_MEMBER_IMPORT_VISIBILITY = YES;
				SWIFT_VERSION = 5.0;
				TEST_TARGET_NAME = "Disk Visualizer";
			};
			name = Release;
		};
/* End XCBuildConfiguration section */

/* Begin XCConfigurationList section */
		28A8018C300D975B000E12A7 /* Build configuration list for PBXProject "Disk Visualizer" */ = {
			isa = XCConfigurationList;
			buildConfigurations = (
				28A801B2300D975C000E12A7 /* Debug */,
				28A801B3300D975C000E12A7 /* Release */,
			);
			defaultConfigurationIsVisible = 0;
			defaultConfigurationName = Release;
		};
		28A801B4300D975C000E12A7 /* Build configuration list for PBXNativeTarget "Disk Visualizer" */ = {
			isa = XCConfigurationList;
			buildConfigurations = (
				28A801B5300D975C000E12A7 /* Debug */,
				28A801B6300D975C000E12A7 /* Release */,
			);
			defaultConfigurationIsVisible = 0;
			defaultConfigurationName = Release;
		};
		28A801B7300D975C000E12A7 /* Build configuration list for PBXNativeTarget "Disk VisualizerTests" */ = {
			isa = XCConfigurationList;
			buildConfigurations = (
				28A801B8300D975C000E12A7 /* Debug */,
				28A801B9300D975C000E12A7 /* Release */,
			);
			defaultConfigurationIsVisible = 0;
			defaultConfigurationName = Release;
		};
		28A801BA300D975C000E12A7 /* Build configuration list for PBXNativeTarget "Disk VisualizerUITests" */ = {
			isa = XCConfigurationList;
			buildConfigurations = (
				28A801BB300D975C000E12A7 /* Debug */,
				28A801BC300D975C000E12A7 /* Release */,
			);
			defaultConfigurationIsVisible = 0;
			defaultConfigurationName = Release;
		};
/* End XCConfigurationList section */
	};
	rootObject = 28A80189300D975B000E12A7 /* Project object */;
}
